
Microsoft Visual Studio Solution File, Format Version 12.00
# Visual Studio Version 17
VisualStudioVersion = 17.9.34728.123
MinimumVisualStudioVersion = 10.0.40219.1
Project("{9A19103F-16F7-4668-BE54-9A1E7A4F7556}") = "NetAspireSample.Web", "src\NetAspireSample.Web\NetAspireSample.Web.csproj", "{E23C5233-336A-47D0-A9B4-2FF48D6DD3C9}"
EndProject
Project("{FAE04EC0-301F-11D3-BF4B-00C04F79EFBC}") = "NetAspireSample.AppHost", "src\NetAspireSample.AppHost\NetAspireSample.AppHost.csproj", "{6527ECA1-82E0-4845-A24E-52F6826C1D03}"
EndProject
Project("{9A19103F-16F7-4668-BE54-9A1E7A4F7556}") = "NetAspireSample.ServiceDefaults", "src\NetAspireSample.ServiceDefaults\NetAspireSample.ServiceDefaults.csproj", "{C4C18991-E3D7-43C7-8E1A-BD23CF33159D}"
EndProject
Global
	GlobalSection(SolutionConfigurationPlatforms) = preSolution
		Debug|Any CPU = Debug|Any CPU
		Release|Any CPU = Release|Any CPU
	EndGlobalSection
	GlobalSection(ProjectConfigurationPlatforms) = postSolution
		{E23C5233-336A-47D0-A9B4-2FF48D6DD3C9}.Debug|Any CPU.ActiveCfg = Debug|Any CPU
		{E23C5233-336A-47D0-A9B4-2FF48D6DD3C9}.Debug|Any CPU.Build.0 = Debug|Any CPU
		{E23C5233-336A-47D0-A9B4-2FF48D6DD3C9}.Release|Any CPU.ActiveCfg = Release|Any CPU
		{E23C5233-336A-47D0-A9B4-2FF48D6DD3C9}.Release|Any CPU.Build.0 = Release|Any CPU
		{6527ECA1-82E0-4845-A24E-52F6826C1D03}.Debug|Any CPU.ActiveCfg = Debug|Any CPU
		{6527ECA1-82E0-4845-A24E-52F6826C1D03}.Debug|Any CPU.Build.0 = Debug|Any CPU
		{6527ECA1-82E0-4845-A24E-52F6826C1D03}.Release|Any CPU.ActiveCfg = Release|Any CPU
		{6527ECA1-82E0-4845-A24E-52F6826C1D03}.Release|Any CPU.Build.0 = Release|Any CPU
		{C4C18991-E3D7-43C7-8E1A-BD23CF33159D}.Debug|Any CPU.ActiveCfg = Debug|Any CPU
		{C4C18991-E3D7-43C7-8E1A-BD23CF33159D}.Debug|Any CPU.Build.0 = Debug|Any CPU
		{C4C18991-E3D7-43C7-8E1A-BD23CF33159D}.Release|Any CPU.ActiveCfg = Release|Any CPU
		{C4C18991-E3D7-43C7-8E1A-BD23CF33159D}.Release|Any CPU.Build.0 = Release|Any CPU
	EndGlobalSection
	GlobalSection(SolutionProperties) = preSolution
		HideSolutionNode = FALSE
	EndGlobalSection
	GlobalSection(ExtensibilityGlobals) = postSolution
		SolutionGuid = {22BD961B-4946-4856-BDB8-4A6A32CBEAA4}
	EndGlobalSection
EndGlobal
